
Microsoft Visual Studio Solution File, Format Version 12.00
# Visual Studio 15
VisualStudioVersion = 15.0.28307.168
MinimumVisualStudioVersion = 10.0.40219.1
Project("{FAE04EC0-301F-11D3-BF4B-00C04F79EFBC}") = "MvcAppStudents", "MvcAppStudents\MvcAppStudents.csproj", "{90377EDB-2E68-453E-B9DE-8DD0A5DB80D1}"
EndProject
Global
	GlobalSection(SolutionConfigurationPlatforms) = preSolution
		Debug|Any CPU = Debug|Any CPU
		Release|Any CPU = Release|Any CPU
	EndGlobalSection
	GlobalSection(ProjectConfigurationPlatforms) = postSolution
		{90377EDB-2E68-453E-B9DE-8DD0A5DB80D1}.Debug|Any CPU.ActiveCfg = Debug|Any CPU
		{90377EDB-2E68-453E-B9DE-8DD0A5DB80D1}.Debug|Any CPU.Build.0 = Debug|Any CPU
		{90377EDB-2E68-453E-B9DE-8DD0A5DB80D1}.Release|Any CPU.ActiveCfg = Release|Any CPU
		{90377EDB-2E68-453E-B9DE-8DD0A5DB80D1}.Release|Any CPU.Build.0 = Release|Any CPU
	EndGlobalSection
	GlobalSection(SolutionProperties) = preSolution
		HideSolutionNode = FALSE
	EndGlobalSection
	GlobalSection(ExtensibilityGlobals) = postSolution
		SolutionGuid = {DB90C8D6-16AB-4210-9853-2E797D734586}
	EndGlobalSection
EndGlobal
